Microsoft Visual Studio Solution File, Format Version 12.00
# Visual Studio 14
Project("{8BC9CEB8-8B4A-11D0-8D11-00A0C91BC942}") = "ALL_BUILD", "ALL_BUILD.vcxproj", "{F825CCC0-43D7-3A9B-A800-78316A5E8EF8}"
	ProjectSection(ProjectDependencies) = postProject
		{BB103143-A4FF-3E77-BDCC-703792D4E139} = {BB103143-A4FF-3E77-BDCC-703792D4E139}
		{4A05231C-D85E-3028-9367-78E813B20057} = {4A05231C-D85E-3028-9367-78E813B20057}
	EndProjectSection
EndProject
Project("{8BC9CEB8-8B4A-11D0-8D11-00A0C91BC942}") = "INSTALL", "INSTALL.vcxproj", "{2B3F6196-FBEB-34F7-BC0A-1408A10C3386}"
	ProjectSection(ProjectDependencies) = postProject
		{F825CCC0-43D7-3A9B-A800-78316A5E8EF8} = {F825CCC0-43D7-3A9B-A800-78316A5E8EF8}
		{BB103143-A4FF-3E77-BDCC-703792D4E139} = {BB103143-A4FF-3E77-BDCC-703792D4E139}
	EndProjectSection
EndProject
Project("{8BC9CEB8-8B4A-11D0-8D11-00A0C91BC942}") = "ZERO_CHECK", "ZERO_CHECK.vcxproj", "{BB103143-A4FF-3E77-BDCC-703792D4E139}"
	ProjectSection(ProjectDependencies) = postProject
	EndProjectSection
EndProject
Project("{8BC9CEB8-8B4A-11D0-8D11-00A0C91BC942}") = "jpegwrapper-static", "jpegwrapper\jpegwrapper-static.vcxproj", "{4A05231C-D85E-3028-9367-78E813B20057}"
	ProjectSection(ProjectDependencies) = postProject
		{BB103143-A4FF-3E77-BDCC-703792D4E139} = {BB103143-A4FF-3E77-BDCC-703792D4E139}
	EndProjectSection
EndProject
Project("{8BC9CEB8-8B4A-11D0-8D11-00A0C91BC942}") = "testCImg", "jpegwrapper\testCImg.vcxproj", "{6603983F-42B4-3DD3-AE5C-D522B71DC070}"
	ProjectSection(ProjectDependencies) = postProject
		{BB103143-A4FF-3E77-BDCC-703792D4E139} = {BB103143-A4FF-3E77-BDCC-703792D4E139}
		{4A05231C-D85E-3028-9367-78E813B20057} = {4A05231C-D85E-3028-9367-78E813B20057}
	EndProjectSection
EndProject
Global
	GlobalSection(SolutionConfigurationPlatforms) = preSolution
		Debug|x64 = Debug|x64
		Release|x64 = Release|x64
		MinSizeRel|x64 = MinSizeRel|x64
		RelWithDebInfo|x64 = RelWithDebInfo|x64
	EndGlobalSection
	GlobalSection(ProjectConfigurationPlatforms) = postSolution
		{F825CCC0-43D7-3A9B-A800-78316A5E8EF8}.Debug|x64.ActiveCfg = Debug|x64
		{F825CCC0-43D7-3A9B-A800-78316A5E8EF8}.Debug|x64.Build.0 = Debug|x64
		{F825CCC0-43D7-3A9B-A800-78316A5E8EF8}.Release|x64.ActiveCfg = Release|x64
		{F825CCC0-43D7-3A9B-A800-78316A5E8EF8}.Release|x64.Build.0 = Release|x64
		{F825CCC0-43D7-3A9B-A800-78316A5E8EF8}.MinSizeRel|x64.ActiveCfg = MinSizeRel|x64
		{F825CCC0-43D7-3A9B-A800-78316A5E8EF8}.MinSizeRel|x64.Build.0 = MinSizeRel|x64
		{F825CCC0-43D7-3A9B-A800-78316A5E8EF8}.RelWithDebInfo|x64.ActiveCfg = RelWithDebInfo|x64
		{F825CCC0-43D7-3A9B-A800-78316A5E8EF8}.RelWithDebInfo|x64.Build.0 = RelWithDebInfo|x64
		{2B3F6196-FBEB-34F7-BC0A-1408A10C3386}.Debug|x64.ActiveCfg = Debug|x64
		{2B3F6196-FBEB-34F7-BC0A-1408A10C3386}.Release|x64.ActiveCfg = Release|x64
		{2B3F6196-FBEB-34F7-BC0A-1408A10C3386}.MinSizeRel|x64.ActiveCfg = MinSizeRel|x64
		{2B3F6196-FBEB-34F7-BC0A-1408A10C3386}.RelWithDebInfo|x64.ActiveCfg = RelWithDebInfo|x64
		{BB103143-A4FF-3E77-BDCC-703792D4E139}.Debug|x64.ActiveCfg = Debug|x64
		{BB103143-A4FF-3E77-BDCC-703792D4E139}.Debug|x64.Build.0 = Debug|x64
		{BB103143-A4FF-3E77-BDCC-703792D4E139}.Release|x64.ActiveCfg = Release|x64
		{BB103143-A4FF-3E77-BDCC-703792D4E139}.Release|x64.Build.0 = Release|x64
		{BB103143-A4FF-3E77-BDCC-703792D4E139}.MinSizeRel|x64.ActiveCfg = MinSizeRel|x64
		{BB103143-A4FF-3E77-BDCC-703792D4E139}.MinSizeRel|x64.Build.0 = MinSizeRel|x64
		{BB103143-A4FF-3E77-BDCC-703792D4E139}.RelWithDebInfo|x64.ActiveCfg = RelWithDebInfo|x64
		{BB103143-A4FF-3E77-BDCC-703792D4E139}.RelWithDebInfo|x64.Build.0 = RelWithDebInfo|x64
		{4A05231C-D85E-3028-9367-78E813B20057}.Debug|x64.ActiveCfg = Debug|x64
		{4A05231C-D85E-3028-9367-78E813B20057}.Debug|x64.Build.0 = Debug|x64
		{4A05231C-D85E-3028-9367-78E813B20057}.Release|x64.ActiveCfg = Release|x64
		{4A05231C-D85E-3028-9367-78E813B20057}.Release|x64.Build.0 = Release|x64
		{4A05231C-D85E-3028-9367-78E813B20057}.MinSizeRel|x64.ActiveCfg = MinSizeRel|x64
		{4A05231C-D85E-3028-9367-78E813B20057}.MinSizeRel|x64.Build.0 = MinSizeRel|x64
		{4A05231C-D85E-3028-9367-78E813B20057}.RelWithDebInfo|x64.ActiveCfg = RelWithDebInfo|x64
		{4A05231C-D85E-3028-9367-78E813B20057}.RelWithDebInfo|x64.Build.0 = RelWithDebInfo|x64
		{6603983F-42B4-3DD3-AE5C-D522B71DC070}.Debug|x64.ActiveCfg = Debug|x64
		{6603983F-42B4-3DD3-AE5C-D522B71DC070}.Debug|x64.Build.0 = Debug|x64
		{6603983F-42B4-3DD3-AE5C-D522B71DC070}.Release|x64.ActiveCfg = Release|x64
		{6603983F-42B4-3DD3-AE5C-D522B71DC070}.Release|x64.Build.0 = Release|x64
		{6603983F-42B4-3DD3-AE5C-D522B71DC070}.MinSizeRel|x64.ActiveCfg = MinSizeRel|x64
		{6603983F-42B4-3DD3-AE5C-D522B71DC070}.MinSizeRel|x64.Build.0 = MinSizeRel|x64
		{6603983F-42B4-3DD3-AE5C-D522B71DC070}.RelWithDebInfo|x64.ActiveCfg = RelWithDebInfo|x64
		{6603983F-42B4-3DD3-AE5C-D522B71DC070}.RelWithDebInfo|x64.Build.0 = RelWithDebInfo|x64
	EndGlobalSection
	GlobalSection(ExtensibilityGlobals) = postSolution
	EndGlobalSection
	GlobalSection(ExtensibilityAddIns) = postSolution
	EndGlobalSection
EndGlobal
