Microsoft Visual Studio Solution File, Format Version 12.00
# Visual Studio 14
Project("{8BC9CEB8-8B4A-11D0-8D11-00A0C91BC942}") = "ALL_BUILD", "ALL_BUILD.vcxproj", "{F825CCC0-43D7-3A9B-A800-78316A5E8EF8}"
	ProjectSection(ProjectDependencies) = postProject
		{BB103143-A4FF-3E77-BDCC-703792D4E139} = {BB103143-A4FF-3E77-BDCC-703792D4E139}
		{4A05231C-D85E-3028-9367-78E813B20057} = {4A05231C-D85E-3028-9367-78E813B20057}
	EndProjectSection
EndProject
Project("{8BC9CEB8-8B4A-11D0-8D11-00A0C91BC942}") = "INSTALL", "INSTALL.vcxproj", "{2B3F6196-FBEB-34F7-BC0A-1408A10C3386}"
	ProjectSection(ProjectDependencies) = postProject
		{F825CCC0-43D7-3A9B-A800-78316A5E8EF8} = {F825CCC0-43D7-3A9B-A800-78316A5E8EF8}
		{BB103143-A4FF-3E77-BDCC-703792D4E139} = {BB103143-A4FF-3E77-BDCC-703792D4E139}
	EndProjectSection
EndProject
Project("{8BC9CEB8-8B4A-11D0-8D11-00A0C91BC942}") = "ZERO_CHECK", "ZERO_CHECK.vcxproj", "{BB103143-A4FF-3E77-BDCC-703792D4E139}"
	ProjectSection(ProjectDependencies) = postProject
	EndProjectSection
EndProject
Project("{8BC9CEB8-8B4A-11D0-8D11-00A0C91BC942}") = "jpegwrapper-static", "jpegwrapper\jpegwrapper-static.vcxproj", "{4A05231C-D85E-3028-9367-78E813B20057}"
	ProjectSection(ProjectDependencies) = postProject
		{BB103143-A4FF-3E77-BDCC-703792D4E139} = {BB103143-A4FF-3E77-BDCC-703792D4E139}
	EndProjectSection
EndProject
Project("{8BC9CEB8-8B4A-11D0-8D11-00A0C91BC942}") = "testCImg", "jpegwrapper\testCImg.vcxproj", "{6603983F-42B4-3DD3-AE5C-D522B71DC070}"
	ProjectSection(ProjectDependencies) = postProject
		{BB103143-A4FF-3E77-BDCC-703792D4E139} = {BB103143-A4FF-3E77-BDCC-703792D4E139}
		{4A05231C-D85E-3028-9367-78E813B20057} = {4A05231C-D85E-3028-9367-78E813B20057}
	EndProjectSection
EndProject
Global
	GlobalSection(SolutionConfigurationPlatforms) = preSolution
		Debug|Win32 = Debug|Win32
		Release|Win32 = Release|Win32
		MinSizeRel|Win32 = MinSizeRel|Win32
		RelWithDebInfo|Win32 = RelWithDebInfo|Win32
	EndGlobalSection
	GlobalSection(ProjectConfigurationPlatforms) = postSolution
		{F825CCC0-43D7-3A9B-A800-78316A5E8EF8}.Debug|Win32.ActiveCfg = Debug|Win32
		{F825CCC0-43D7-3A9B-A800-78316A5E8EF8}.Debug|Win32.Build.0 = Debug|Win32
		{F825CCC0-43D7-3A9B-A800-78316A5E8EF8}.Release|Win32.ActiveCfg = Release|Win32
		{F825CCC0-43D7-3A9B-A800-78316A5E8EF8}.Release|Win32.Build.0 = Release|Win32
		{F825CCC0-43D7-3A9B-A800-78316A5E8EF8}.MinSizeRel|Win32.ActiveCfg = MinSizeRel|Win32
		{F825CCC0-43D7-3A9B-A800-78316A5E8EF8}.MinSizeRel|Win32.Build.0 = MinSizeRel|Win32
		{F825CCC0-43D7-3A9B-A800-78316A5E8EF8}.RelWithDebInfo|Win32.ActiveCfg = RelWithDebInfo|Win32
		{F825CCC0-43D7-3A9B-A800-78316A5E8EF8}.RelWithDebInfo|Win32.Build.0 = RelWithDebInfo|Win32
		{2B3F6196-FBEB-34F7-BC0A-1408A10C3386}.Debug|Win32.ActiveCfg = Debug|Win32
		{2B3F6196-FBEB-34F7-BC0A-1408A10C3386}.Release|Win32.ActiveCfg = Release|Win32
		{2B3F6196-FBEB-34F7-BC0A-1408A10C3386}.MinSizeRel|Win32.ActiveCfg = MinSizeRel|Win32
		{2B3F6196-FBEB-34F7-BC0A-1408A10C3386}.RelWithDebInfo|Win32.ActiveCfg = RelWithDebInfo|Win32
		{BB103143-A4FF-3E77-BDCC-703792D4E139}.Debug|Win32.ActiveCfg = Debug|Win32
		{BB103143-A4FF-3E77-BDCC-703792D4E139}.Debug|Win32.Build.0 = Debug|Win32
		{BB103143-A4FF-3E77-BDCC-703792D4E139}.Release|Win32.ActiveCfg = Release|Win32
		{BB103143-A4FF-3E77-BDCC-703792D4E139}.Release|Win32.Build.0 = Release|Win32
		{BB103143-A4FF-3E77-BDCC-703792D4E139}.MinSizeRel|Win32.ActiveCfg = MinSizeRel|Win32
		{BB103143-A4FF-3E77-BDCC-703792D4E139}.MinSizeRel|Win32.Build.0 = MinSizeRel|Win32
		{BB103143-A4FF-3E77-BDCC-703792D4E139}.RelWithDebInfo|Win32.ActiveCfg = RelWithDebInfo|Win32
		{BB103143-A4FF-3E77-BDCC-703792D4E139}.RelWithDebInfo|Win32.Build.0 = RelWithDebInfo|Win32
		{4A05231C-D85E-3028-9367-78E813B20057}.Debug|Win32.ActiveCfg = Debug|Win32
		{4A05231C-D85E-3028-9367-78E813B20057}.Debug|Win32.Build.0 = Debug|Win32
		{4A05231C-D85E-3028-9367-78E813B20057}.Release|Win32.ActiveCfg = Release|Win32
		{4A05231C-D85E-3028-9367-78E813B20057}.Release|Win32.Build.0 = Release|Win32
		{4A05231C-D85E-3028-9367-78E813B20057}.MinSizeRel|Win32.ActiveCfg = MinSizeRel|Win32
		{4A05231C-D85E-3028-9367-78E813B20057}.MinSizeRel|Win32.Build.0 = MinSizeRel|Win32
		{4A05231C-D85E-3028-9367-78E813B20057}.RelWithDebInfo|Win32.ActiveCfg = RelWithDebInfo|Win32
		{4A05231C-D85E-3028-9367-78E813B20057}.RelWithDebInfo|Win32.Build.0 = RelWithDebInfo|Win32
		{6603983F-42B4-3DD3-AE5C-D522B71DC070}.Debug|Win32.ActiveCfg = Debug|Win32
		{6603983F-42B4-3DD3-AE5C-D522B71DC070}.Debug|Win32.Build.0 = Debug|Win32
		{6603983F-42B4-3DD3-AE5C-D522B71DC070}.Release|Win32.ActiveCfg = Release|Win32
		{6603983F-42B4-3DD3-AE5C-D522B71DC070}.Release|Win32.Build.0 = Release|Win32
		{6603983F-42B4-3DD3-AE5C-D522B71DC070}.MinSizeRel|Win32.ActiveCfg = MinSizeRel|Win32
		{6603983F-42B4-3DD3-AE5C-D522B71DC070}.MinSizeRel|Win32.Build.0 = MinSizeRel|Win32
		{6603983F-42B4-3DD3-AE5C-D522B71DC070}.RelWithDebInfo|Win32.ActiveCfg = RelWithDebInfo|Win32
		{6603983F-42B4-3DD3-AE5C-D522B71DC070}.RelWithDebInfo|Win32.Build.0 = RelWithDebInfo|Win32
	EndGlobalSection
	GlobalSection(ExtensibilityGlobals) = postSolution
	EndGlobalSection
	GlobalSection(ExtensibilityAddIns) = postSolution
	EndGlobalSection
EndGlobal
