<?xml version="1.0" encoding="UTF-8"?>
<Project ToolsVersion="14.0" xmlns="http://schemas.microsoft.com/developer/msbuild/2003">
  <ItemGroup>
    <CustomBuild Include="J:\jpegwrapper\project.vs2015\CMakeFiles\92690ad0fe8bb04dc7ac10e597ffa24d\INSTALL_force.rule">
      <Filter>CMake Rules</Filter>
    </CustomBuild>
  </ItemGroup>
  <ItemGroup>
    <Filter Include="CMake Rules">
      <UniqueIdentifier>{3663C456-1897-3649-80EA-97637E731473}</UniqueIdentifier>
    </Filter>
  </ItemGroup>
</Project>
